
Microsoft Visual Studio Solution File, Format Version 12.00
# Visual Studio Version 17
VisualStudioVersion = 17.9.34714.143
MinimumVisualStudioVersion = 10.0.40219.1
Project("{9A19103F-16F7-4668-BE54-9A1E7A4F7556}") = "TP-MatiasVolpe", "TP-MatiasVolpe.csproj", "{6417CA40-127C-438F-A07D-B59425C8780F}"
EndProject
Project("{FAE04EC0-301F-11D3-BF4B-00C04F79EFBC}") = "Domain", "..\Domain\Domain.csproj", "{66F18696-94CB-4ED2-A1A1-A963C479C213}"
EndProject
Project("{FAE04EC0-301F-11D3-BF4B-00C04F79EFBC}") = "Infrastructure", "..\Infrastructure\Infrastructure.csproj", "{AD34A487-34FC-4390-BC4E-174B87F5A244}"
EndProject
Project("{FAE04EC0-301F-11D3-BF4B-00C04F79EFBC}") = "Application", "..\Application\Application.csproj", "{D7693250-0714-4015-B9A1-574077A0FF04}"
EndProject
Global
	GlobalSection(SolutionConfigurationPlatforms) = preSolution
		Debug|Any CPU = Debug|Any CPU
		Release|Any CPU = Release|Any CPU
	EndGlobalSection
	GlobalSection(ProjectConfigurationPlatforms) = postSolution
		{6417CA40-127C-438F-A07D-B59425C8780F}.Debug|Any CPU.ActiveCfg = Debug|Any CPU
		{6417CA40-127C-438F-A07D-B59425C8780F}.Debug|Any CPU.Build.0 = Debug|Any CPU
		{6417CA40-127C-438F-A07D-B59425C8780F}.Release|Any CPU.ActiveCfg = Release|Any CPU
		{6417CA40-127C-438F-A07D-B59425C8780F}.Release|Any CPU.Build.0 = Release|Any CPU
		{66F18696-94CB-4ED2-A1A1-A963C479C213}.Debug|Any CPU.ActiveCfg = Debug|Any CPU
		{66F18696-94CB-4ED2-A1A1-A963C479C213}.Debug|Any CPU.Build.0 = Debug|Any CPU
		{66F18696-94CB-4ED2-A1A1-A963C479C213}.Release|Any CPU.ActiveCfg = Release|Any CPU
		{66F18696-94CB-4ED2-A1A1-A963C479C213}.Release|Any CPU.Build.0 = Release|Any CPU
		{AD34A487-34FC-4390-BC4E-174B87F5A244}.Debug|Any CPU.ActiveCfg = Debug|Any CPU
		{AD34A487-34FC-4390-BC4E-174B87F5A244}.Debug|Any CPU.Build.0 = Debug|Any CPU
		{AD34A487-34FC-4390-BC4E-174B87F5A244}.Release|Any CPU.ActiveCfg = Release|Any CPU
		{AD34A487-34FC-4390-BC4E-174B87F5A244}.Release|Any CPU.Build.0 = Release|Any CPU
		{D7693250-0714-4015-B9A1-574077A0FF04}.Debug|Any CPU.ActiveCfg = Debug|Any CPU
		{D7693250-0714-4015-B9A1-574077A0FF04}.Debug|Any CPU.Build.0 = Debug|Any CPU
		{D7693250-0714-4015-B9A1-574077A0FF04}.Release|Any CPU.ActiveCfg = Release|Any CPU
		{D7693250-0714-4015-B9A1-574077A0FF04}.Release|Any CPU.Build.0 = Release|Any CPU
	EndGlobalSection
	GlobalSection(SolutionProperties) = preSolution
		HideSolutionNode = FALSE
	EndGlobalSection
	GlobalSection(ExtensibilityGlobals) = postSolution
		SolutionGuid = {78B8BACC-A022-4260-907B-4D0065070D8B}
	EndGlobalSection
EndGlobal
